// !$*UTF8*$!
{
	archiveVersion = 1;
	classes = {
	};
	objectVersion = 50;
	objects = {

/* Begin PBXBuildFile section */
		21ED293B212A8FBF00E152B4 /* AppDelegate.m in Sources */ = {isa = PBXBuildFile; fileRef = 21ED293A212A8FBF00E152B4 /* AppDelegate.m */; };
		21ED293E212A8FBF00E152B4 /* ViewController.m in Sources */ = {isa = PBXBuildFile; fileRef = 21ED293D212A8FBF00E152B4 /* ViewController.m */; };
		21ED2941212A8FBF00E152B4 /* Main.storyboard in Resources */ = {isa = PBXBuildFile; fileRef = 21ED293F212A8FBF00E152B4 /* Main.storyboard */; };
		21ED2943212A8FC100E152B4 /* Assets.xcassets in Resources */ = {isa = PBXBuildFile; fileRef = 21ED2942212A8FC100E152B4 /* Assets.xcassets */; };
		21ED2946212A8FC100E152B4 /* LaunchScreen.storyboard in Resources */ = {isa = PBXBuildFile; fileRef = 21ED2944212A8FC100E152B4 /* LaunchScreen.storyboard */; };
		21ED2949212A8FC100E152B4 /* main.m in Sources */ = {isa = PBXBuildFile; fileRef = 21ED2948212A8FC100E152B4 /* main.m */; };
		21ED2956212A900100E152B4 /* GCDAsyncUdpSocket.m in Sources */ = {isa = PBXBuildFile; fileRef = 21ED2950212A900100E152B4 /* GCDAsyncUdpSocket.m */; };
		21ED2957212A900100E152B4 /* GCDAsyncSocket.m in Sources */ = {isa = PBXBuildFile; fileRef = 21ED2951212A900100E152B4 /* GCDAsyncSocket.m */; };
		21ED295B212A90A100E152B4 /* CocoaSocketManager.m in Sources */ = {isa = PBXBuildFile; fileRef = 21ED295A212A90A100E152B4 /* CocoaSocketManager.m */; };
/* End PBXBuildFile section */

/* Begin PBXFileReference section */
		21ED2936212A8FBF00E152B4 /* CocoaSocket.app */ = {isa = PBXFileReference; explicitFileType = wrapper.application; includeInIndex = 0; path = CocoaSocket.app; sourceTree = BUILT_PRODUCTS_DIR; };
		21ED2939212A8FBF00E152B4 /* AppDelegate.h */ = {isa = PBXFileReference; lastKnownFileType = sourcecode.c.h; path = AppDelegate.h; sourceTree = "<group>"; };
		21ED293A212A8FBF00E152B4 /* AppDelegate.m */ = {isa = PBXFileReference; lastKnownFileType = sourcecode.c.objc; path = AppDelegate.m; sourceTree = "<group>"; };
		21ED293C212A8FBF00E152B4 /* ViewController.h */ = {isa = PBXFileReference; lastKnownFileType = sourcecode.c.h; path = ViewController.h; sourceTree = "<group>"; };
		21ED293D212A8FBF00E152B4 /* ViewController.m */ = {isa = PBXFileReference; lastKnownFileType = sourcecode.c.objc; path = ViewController.m; sourceTree = "<group>"; };
		21ED2940212A8FBF00E152B4 /* Base */ = {isa = PBXFileReference; lastKnownFileType = file.storyboard; name = Base; path = Base.lproj/Main.storyboard; sourceTree = "<group>"; };
		21ED2942212A8FC100E152B4 /* Assets.xcassets */ = {isa = PBXFileReference; lastKnownFileType = folder.assetcatalog; path = Assets.xcassets; sourceTree = "<group>"; };
		21ED2945212A8FC100E152B4 /* Base */ = {isa = PBXFileReference; lastKnownFileType = file.storyboard; name = Base; path = Base.lproj/LaunchScreen.storyboard; sourceTree = "<group>"; };
		21ED2947212A8FC100E152B4 /* Info.plist */ = {isa = PBXFileReference; lastKnownFileType = text.plist.xml; path = Info.plist; sourceTree = "<group>"; };
		21ED2948212A8FC100E152B4 /* main.m */ = {isa = PBXFileReference; lastKnownFileType = sourcecode.c.objc; path = main.m; sourceTree = "<group>"; };
		21ED2950212A900100E152B4 /* GCDAsyncUdpSocket.m */ = {isa = PBXFileReference; fileEncoding = 4; lastKnownFileType = sourcecode.c.objc; path = GCDAsyncUdpSocket.m; sourceTree = "<group>"; };
		21ED2951212A900100E152B4 /* GCDAsyncSocket.m */ = {isa = PBXFileReference; fileEncoding = 4; lastKnownFileType = sourcecode.c.objc; path = GCDAsyncSocket.m; sourceTree = "<group>"; };
		21ED2953212A900100E152B4 /* GCDAsyncUdpSocket.h */ = {isa = PBXFileReference; fileEncoding = 4; lastKnownFileType = sourcecode.c.h; path = GCDAsyncUdpSocket.h; sourceTree = "<group>"; };
		21ED2955212A900100E152B4 /* GCDAsyncSocket.h */ = {isa = PBXFileReference; fileEncoding = 4; lastKnownFileType = sourcecode.c.h; path = GCDAsyncSocket.h; sourceTree = "<group>"; };
		21ED2959212A90A100E152B4 /* CocoaSocketManager.h */ = {isa = PBXFileReference; lastKnownFileType = sourcecode.c.h; path = CocoaSocketManager.h; sourceTree = "<group>"; };
		21ED295A212A90A100E152B4 /* CocoaSocketManager.m */ = {isa = PBXFileReference; lastKnownFileType = sourcecode.c.objc; path = CocoaSocketManager.m; sourceTree = "<group>"; };
/* End PBXFileReference section */

/* Begin PBXFrameworksBuildPhase section */
		21ED2933212A8FBF00E152B4 /* Frameworks */ = {
			isa = PBXFrameworksBuildPhase;
			buildActionMask = 2147483647;
			files = (
			);
			runOnlyForDeploymentPostprocessing = 0;
		};
/* End PBXFrameworksBuildPhase section */

/* Begin PBXGroup section */
		21ED292D212A8FBF00E152B4 = {
			isa = PBXGroup;
			children = (
				21ED2938212A8FBF00E152B4 /* CocoaSocket */,
				21ED2937212A8FBF00E152B4 /* Products */,
			);
			sourceTree = "<group>";
		};
		21ED2937212A8FBF00E152B4 /* Products */ = {
			isa = PBXGroup;
			children = (
				21ED2936212A8FBF00E152B4 /* CocoaSocket.app */,
			);
			name = Products;
			sourceTree = "<group>";
		};
		21ED2938212A8FBF00E152B4 /* CocoaSocket */ = {
			isa = PBXGroup;
			children = (
				21ED294F212A900100E152B4 /* CocoaSocket */,
				21ED2939212A8FBF00E152B4 /* AppDelegate.h */,
				21ED293A212A8FBF00E152B4 /* AppDelegate.m */,
				21ED293C212A8FBF00E152B4 /* ViewController.h */,
				21ED293D212A8FBF00E152B4 /* ViewController.m */,
				21ED293F212A8FBF00E152B4 /* Main.storyboard */,
				21ED2942212A8FC100E152B4 /* Assets.xcassets */,
				21ED2944212A8FC100E152B4 /* LaunchScreen.storyboard */,
				21ED2947212A8FC100E152B4 /* Info.plist */,
				21ED2948212A8FC100E152B4 /* main.m */,
			);
			path = CocoaSocket;
			sourceTree = "<group>";
		};
		21ED294F212A900100E152B4 /* CocoaSocket */ = {
			isa = PBXGroup;
			children = (
				21ED2953212A900100E152B4 /* GCDAsyncUdpSocket.h */,
				21ED2950212A900100E152B4 /* GCDAsyncUdpSocket.m */,
				21ED2955212A900100E152B4 /* GCDAsyncSocket.h */,
				21ED2951212A900100E152B4 /* GCDAsyncSocket.m */,
				21ED2959212A90A100E152B4 /* CocoaSocketManager.h */,
				21ED295A212A90A100E152B4 /* CocoaSocketManager.m */,
			);
			path = CocoaSocket;
			sourceTree = "<group>";
		};
/* End PBXGroup section */

/* Begin PBXNativeTarget section */
		21ED2935212A8FBF00E152B4 /* CocoaSocket */ = {
			isa = PBXNativeTarget;
			buildConfigurationList = 21ED294C212A8FC100E152B4 /* Build configuration list for PBXNativeTarget "CocoaSocket" */;
			buildPhases = (
				21ED2932212A8FBF00E152B4 /* Sources */,
				21ED2933212A8FBF00E152B4 /* Frameworks */,
				21ED2934212A8FBF00E152B4 /* Resources */,
			);
			buildRules = (
			);
			dependencies = (
			);
			name = CocoaSocket;
			productName = CocoaSocket;
			productReference = 21ED2936212A8FBF00E152B4 /* CocoaSocket.app */;
			productType = "com.apple.product-type.application";
		};
/* End PBXNativeTarget section */

/* Begin PBXProject section */
		21ED292E212A8FBF00E152B4 /* Project object */ = {
			isa = PBXProject;
			attributes = {
				LastUpgradeCheck = 0940;
				ORGANIZATIONNAME = grx;
				TargetAttributes = {
					21ED2935212A8FBF00E152B4 = {
						CreatedOnToolsVersion = 9.4.1;
					};
				};
			};
			buildConfigurationList = 21ED2931212A8FBF00E152B4 /* Build configuration list for PBXProject "CocoaSocket" */;
			compatibilityVersion = "Xcode 9.3";
			developmentRegion = en;
			hasScannedForEncodings = 0;
			knownRegions = (
				en,
				Base,
			);
			mainGroup = 21ED292D212A8FBF00E152B4;
			productRefGroup = 21ED2937212A8FBF00E152B4 /* Products */;
			projectDirPath = "";
			projectRoot = "";
			targets = (
				21ED2935212A8FBF00E152B4 /* CocoaSocket */,
			);
		};
/* End PBXProject section */

/* Begin PBXResourcesBuildPhase section */
		21ED2934212A8FBF00E152B4 /* Resources */ = {
			isa = PBXResourcesBuildPhase;
			buildActionMask = 2147483647;
			files = (
				21ED2946212A8FC100E152B4 /* LaunchScreen.storyboard in Resources */,
				21ED2943212A8FC100E152B4 /* Assets.xcassets in Resources */,
				21ED2941212A8FBF00E152B4 /* Main.storyboard in Resources */,
			);
			runOnlyForDeploymentPostprocessing = 0;
		};
/* End PBXResourcesBuildPhase section */

/* Begin PBXSourcesBuildPhase section */
		21ED2932212A8FBF00E152B4 /* Sources */ = {
			isa = PBXSourcesBuildPhase;
			buildActionMask = 2147483647;
			files = (
				21ED2956212A900100E152B4 /* GCDAsyncUdpSocket.m in Sources */,
				21ED2957212A900100E152B4 /* GCDAsyncSocket.m in Sources */,
				21ED293E212A8FBF00E152B4 /* ViewController.m in Sources */,
				21ED2949212A8FC100E152B4 /* main.m in Sources */,
				21ED295B212A90A100E152B4 /* CocoaSocketManager.m in Sources */,
				21ED293B212A8FBF00E152B4 /* AppDelegate.m in Sources */,
			);
			runOnlyForDeploymentPostprocessing = 0;
		};
/* End PBXSourcesBuildPhase section */

/* Begin PBXVariantGroup section */
		21ED293F212A8FBF00E152B4 /* Main.storyboard */ = {
			isa = PBXVariantGroup;
			children = (
				21ED2940212A8FBF00E152B4 /* Base */,
			);
			name = Main.storyboard;
			sourceTree = "<group>";
		};
		21ED2944212A8FC100E152B4 /* LaunchScreen.storyboard */ = {
			isa = PBXVariantGroup;
			children = (
				21ED2945212A8FC100E152B4 /* Base */,
			);
			name = LaunchScreen.storyboard;
			sourceTree = "<group>";
		};
/* End PBXVariantGroup section */

/* Begin XCBuildConfiguration section */
		21ED294A212A8FC100E152B4 /* Debug */ = {
			isa = XCBuildConfiguration;
			buildSettings = {
				ALWAYS_SEARCH_USER_PATHS = NO;
				CLANG_ANALYZER_NONNULL = YES;
				CLANG_ANALYZER_NUMBER_OBJECT_CONVERSION = YES_AGGRESSIVE;
				CLANG_CXX_LANGUAGE_STANDARD = "gnu++14";
				CLANG_CXX_LIBRARY = "libc++";
				CLANG_ENABLE_MODULES = YES;
				CLANG_ENABLE_OBJC_ARC = YES;
				CLANG_ENABLE_OBJC_WEAK = YES;
				CLANG_WARN_BLOCK_CAPTURE_AUTORELEASING = YES;
				CLANG_WARN_BOOL_CONVERSION = YES;
				CLANG_WARN_COMMA = YES;
				CLANG_WARN_CONSTANT_CONVERSION = YES;
				CLANG_WARN_DEPRECATED_OBJC_IMPLEMENTATIONS = YES;
				CLANG_WARN_DIRECT_OBJC_ISA_USAGE = YES_ERROR;
				CLANG_WARN_DOCUMENTATION_COMMENTS = YES;
				CLANG_WARN_EMPTY_BODY = YES;
				CLANG_WARN_ENUM_CONVERSION = YES;
				CLANG_WARN_INFINITE_RECURSION = YES;
				CLANG_WARN_INT_CONVERSION = YES;
				CLANG_WARN_NON_LITERAL_NULL_CONVERSION = YES;
				CLANG_WARN_OBJC_IMPLICIT_RETAIN_SELF = YES;
				CLANG_WARN_OBJC_LITERAL_CONVERSION = YES;
				CLANG_WARN_OBJC_ROOT_CLASS = YES_ERROR;
				CLANG_WARN_RANGE_LOOP_ANALYSIS = YES;
				CLANG_WARN_STRICT_PROTOTYPES = YES;
				CLANG_WARN_SUSPICIOUS_MOVE = YES;
				CLANG_WARN_UNGUARDED_AVAILABILITY = YES_AGGRESSIVE;
				CLANG_WARN_UNREACHABLE_CODE = YES;
				CLANG_WARN__DUPLICATE_METHOD_MATCH = YES;
				CODE_SIGN_IDENTITY = "iPhone Developer";
				COPY_PHASE_STRIP = NO;
				DEBUG_INFORMATION_FORMAT = dwarf;
				ENABLE_STRICT_OBJC_MSGSEND = YES;
				ENABLE_TESTABILITY = YES;
				GCC_C_LANGUAGE_STANDARD = gnu11;
				GCC_DYNAMIC_NO_PIC = NO;
				GCC_NO_COMMON_BLOCKS = YES;
				GCC_OPTIMIZATION_LEVEL = 0;
				GCC_PREPROCESSOR_DEFINITIONS = (
					"DEBUG=1",
					"$(inherited)",
				);
				GCC_WARN_64_TO_32_BIT_CONVERSION = YES;
				GCC_WARN_ABOUT_RETURN_TYPE = YES_ERROR;
				GCC_WARN_UNDECLARED_SELECTOR = YES;
				GCC_WARN_UNINITIALIZED_AUTOS = YES_AGGRESSIVE;
				GCC_WARN_UNUSED_FUNCTION = YES;
				GCC_WARN_UNUSED_VARIABLE = YES;
				IPHONEOS_DEPLOYMENT_TARGET = 11.4;
				MTL_ENABLE_DEBUG_INFO = YES;
				ONLY_ACTIVE_ARCH = YES;
				SDKROOT = iphoneos;
			};
			name = Debug;
		};
		21ED294B212A8FC100E152B4 /* Release */ = {
			isa = XCBuildConfiguration;
			buildSettings = {
				ALWAYS_SEARCH_USER_PATHS = NO;
				CLANG_ANALYZER_NONNULL = YES;
				CLANG_ANALYZER_NUMBER_OBJECT_CONVERSION = YES_AGGRESSIVE;
				CLANG_CXX_LANGUAGE_STANDARD = "gnu++14";
				CLANG_CXX_LIBRARY = "libc++";
				CLANG_ENABLE_MODULES = YES;
				CLANG_ENABLE_OBJC_ARC = YES;
				CLANG_ENABLE_OBJC_WEAK = YES;
				CLANG_WARN_BLOCK_CAPTURE_AUTORELEASING = YES;
				CLANG_WARN_BOOL_CONVERSION = YES;
				CLANG_WARN_COMMA = YES;
				CLANG_WARN_CONSTANT_CONVERSION = YES;
				CLANG_WARN_DEPRECATED_OBJC_IMPLEMENTATIONS = YES;
				CLANG_WARN_DIRECT_OBJC_ISA_USAGE = YES_ERROR;
				CLANG_WARN_DOCUMENTATION_COMMENTS = YES;
				CLANG_WARN_EMPTY_BODY = YES;
				CLANG_WARN_ENUM_CONVERSION = YES;
				CLANG_WARN_INFINITE_RECURSION = YES;
				CLANG_WARN_INT_CONVERSION = YES;
				CLANG_WARN_NON_LITERAL_NULL_CONVERSION = YES;
				CLANG_WARN_OBJC_IMPLICIT_RETAIN_SELF = YES;
				CLANG_WARN_OBJC_LITERAL_CONVERSION = YES;
				CLANG_WARN_OBJC_ROOT_CLASS = YES_ERROR;
				CLANG_WARN_RANGE_LOOP_ANALYSIS = YES;
				CLANG_WARN_STRICT_PROTOTYPES = YES;
				CLANG_WARN_SUSPICIOUS_MOVE = YES;
				CLANG_WARN_UNGUARDED_AVAILABILITY = YES_AGGRESSIVE;
				CLANG_WARN_UNREACHABLE_CODE = YES;
				CLANG_WARN__DUPLICATE_METHOD_MATCH = YES;
				CODE_SIGN_IDENTITY = "iPhone Developer";
				COPY_PHASE_STRIP = NO;
				DEBUG_INFORMATION_FORMAT = "dwarf-with-dsym";
				ENABLE_NS_ASSERTIONS = NO;
				ENABLE_STRICT_OBJC_MSGSEND = YES;
				GCC_C_LANGUAGE_STANDARD = gnu11;
				GCC_NO_COMMON_BLOCKS = YES;
				GCC_WARN_64_TO_32_BIT_CONVERSION = YES;
				GCC_WARN_ABOUT_RETURN_TYPE = YES_ERROR;
				GCC_WARN_UNDECLARED_SELECTOR = YES;
				GCC_WARN_UNINITIALIZED_AUTOS = YES_AGGRESSIVE;
				GCC_WARN_UNUSED_FUNCTION = YES;
				GCC_WARN_UNUSED_VARIABLE = YES;
				IPHONEOS_DEPLOYMENT_TARGET = 11.4;
				MTL_ENABLE_DEBUG_INFO = NO;
				SDKROOT = iphoneos;
				VALIDATE_PRODUCT = YES;
			};
			name = Release;
		};
		21ED294D212A8FC100E152B4 /* Debug */ = {
			isa = XCBuildConfiguration;
			buildSettings = {
				ASSETCATALOG_COMPILER_APPICON_NAME = AppIcon;
				CODE_SIGN_STYLE = Automatic;
				DEVELOPMENT_TEAM = 35HG47YK45;
				INFOPLIST_FILE = CocoaSocket/Info.plist;
				LD_RUNPATH_SEARCH_PATHS = (
					"$(inherited)",
					"@executable_path/Frameworks",
				);
				PRODUCT_BUNDLE_IDENTIFIER = com.fh.CocoaSocket;
				PRODUCT_NAME = "$(TARGET_NAME)";
				TARGETED_DEVICE_FAMILY = "1,2";
			};
			name = Debug;
		};
		21ED294E212A8FC100E152B4 /* Release */ = {
			isa = XCBuildConfiguration;
			buildSettings = {
				ASSETCATALOG_COMPILER_APPICON_NAME = AppIcon;
				CODE_SIGN_STYLE = Automatic;
				DEVELOPMENT_TEAM = 35HG47YK45;
				INFOPLIST_FILE = CocoaSocket/Info.plist;
				LD_RUNPATH_SEARCH_PATHS = (
					"$(inherited)",
					"@executable_path/Frameworks",
				);
				PRODUCT_BUNDLE_IDENTIFIER = com.fh.CocoaSocket;
				PRODUCT_NAME = "$(TARGET_NAME)";
				TARGETED_DEVICE_FAMILY = "1,2";
			};
			name = Release;
		};
/* End XCBuildConfiguration section */

/* Begin XCConfigurationList section */
		21ED2931212A8FBF00E152B4 /* Build configuration list for PBXProject "CocoaSocket" */ = {
			isa = XCConfigurationList;
			buildConfigurations = (
				21ED294A212A8FC100E152B4 /* Debug */,
				21ED294B212A8FC100E152B4 /* Release */,
			);
			defaultConfigurationIsVisible = 0;
			defaultConfigurationName = Release;
		};
		21ED294C212A8FC100E152B4 /* Build configuration list for PBXNativeTarget "CocoaSocket" */ = {
			isa = XCConfigurationList;
			buildConfigurations = (
				21ED294D212A8FC100E152B4 /* Debug */,
				21ED294E212A8FC100E152B4 /* Release */,
			);
			defaultConfigurationIsVisible = 0;
			defaultConfigurationName = Release;
		};
/* End XCConfigurationList section */
	};
	rootObject = 21ED292E212A8FBF00E152B4 /* Project object */;
}
